Microsoft Visual Studio Solution File, Format Version 12.00
# Visual Studio Version 17
VisualStudioVersion = 17.5.2.0
MinimumVisualStudioVersion = 10.0.40219.1
Project("{FAE04EC0-301F-11D3-BF4B-00C04F79EFBC}") = "AxonPDS", "AxonPDS.csproj", "{2CA7F33A-65FE-7B5F-07E0-C1B65A35FE4A}"
EndProject
Global
	GlobalSection(SolutionConfigurationPlatforms) = preSolution
		Debug|Any CPU = Debug|Any CPU
		Release|Any CPU = Release|Any CPU
	EndGlobalSection
	GlobalSection(ProjectConfigurationPlatforms) = postSolution
		{2CA7F33A-65FE-7B5F-07E0-C1B65A35FE4A}.Debug|Any CPU.ActiveCfg = Debug|Any CPU
		{2CA7F33A-65FE-7B5F-07E0-C1B65A35FE4A}.Debug|Any CPU.Build.0 = Debug|Any CPU
		{2CA7F33A-65FE-7B5F-07E0-C1B65A35FE4A}.Release|Any CPU.ActiveCfg = Release|Any CPU
		{2CA7F33A-65FE-7B5F-07E0-C1B65A35FE4A}.Release|Any CPU.Build.0 = Release|Any CPU
	EndGlobalSection
	GlobalSection(SolutionProperties) = preSolution
		HideSolutionNode = FALSE
	EndGlobalSection
	GlobalSection(ExtensibilityGlobals) = postSolution
		SolutionGuid = {700BF0A9-3276-483B-87EC-58A0E65D423A}
	EndGlobalSection
EndGlobal
